
Microsoft Visual Studio Solution File, Format Version 12.00
Project("{2150E333-8FDC-42A3-9474-1A3956D46DE8}") = "Bot", "Bot", "{D572D8C2-FBEC-4854-A048-6C341323E755}"
EndProject
Project("{2150E333-8FDC-42A3-9474-1A3956D46DE8}") = "Core", "Core", "{FD5891FF-7337-48E0-AAEB-C6189860CE4D}"
EndProject
Project("{FAE04EC0-301F-11D3-BF4B-00C04F79EFBC}") = "Thankies.Bot.Api", "Thankies.Bot.Api\Thankies.Bot.Api.csproj", "{61E9A37A-391C-46AC-9A3E-D83A25C49E0C}"
EndProject
Project("{FAE04EC0-301F-11D3-BF4B-00C04F79EFBC}") = "Thankies.Core.Entity", "Thankies.Core.Entity\Thankies.Core.Entity.csproj", "{21034FA0-FDD8-4135-9A2E-2138DBB42AE5}"
EndProject
Project("{FAE04EC0-301F-11D3-BF4B-00C04F79EFBC}") = "Thankies.Core.Domain", "Thankies.Core.Domain\Thankies.Core.Domain.csproj", "{6C5A52D8-8CEF-47AB-BB48-E96A7ADFC2FD}"
EndProject
Global
	GlobalSection(SolutionConfigurationPlatforms) = preSolution
		Debug|Any CPU = Debug|Any CPU
		Release|Any CPU = Release|Any CPU
	EndGlobalSection
	GlobalSection(NestedProjects) = preSolution
		{61E9A37A-391C-46AC-9A3E-D83A25C49E0C} = {D572D8C2-FBEC-4854-A048-6C341323E755}
		{21034FA0-FDD8-4135-9A2E-2138DBB42AE5} = {FD5891FF-7337-48E0-AAEB-C6189860CE4D}
		{6C5A52D8-8CEF-47AB-BB48-E96A7ADFC2FD} = {FD5891FF-7337-48E0-AAEB-C6189860CE4D}
	EndGlobalSection
	GlobalSection(ProjectConfigurationPlatforms) = postSolution
		{61E9A37A-391C-46AC-9A3E-D83A25C49E0C}.Debug|Any CPU.ActiveCfg = Debug|Any CPU
		{61E9A37A-391C-46AC-9A3E-D83A25C49E0C}.Debug|Any CPU.Build.0 = Debug|Any CPU
		{61E9A37A-391C-46AC-9A3E-D83A25C49E0C}.Release|Any CPU.ActiveCfg = Release|Any CPU
		{61E9A37A-391C-46AC-9A3E-D83A25C49E0C}.Release|Any CPU.Build.0 = Release|Any CPU
		{21034FA0-FDD8-4135-9A2E-2138DBB42AE5}.Debug|Any CPU.ActiveCfg = Debug|Any CPU
		{21034FA0-FDD8-4135-9A2E-2138DBB42AE5}.Debug|Any CPU.Build.0 = Debug|Any CPU
		{21034FA0-FDD8-4135-9A2E-2138DBB42AE5}.Release|Any CPU.ActiveCfg = Release|Any CPU
		{21034FA0-FDD8-4135-9A2E-2138DBB42AE5}.Release|Any CPU.Build.0 = Release|Any CPU
		{6C5A52D8-8CEF-47AB-BB48-E96A7ADFC2FD}.Debug|Any CPU.ActiveCfg = Debug|Any CPU
		{6C5A52D8-8CEF-47AB-BB48-E96A7ADFC2FD}.Debug|Any CPU.Build.0 = Debug|Any CPU
		{6C5A52D8-8CEF-47AB-BB48-E96A7ADFC2FD}.Release|Any CPU.ActiveCfg = Release|Any CPU
		{6C5A52D8-8CEF-47AB-BB48-E96A7ADFC2FD}.Release|Any CPU.Build.0 = Release|Any CPU
	EndGlobalSection
EndGlobal
